lockfile_version: '1'
generated_at: '2026-09-04T00:31:09.944688+00:00'
apm_version: 0.23.0
dependencies:
- repo_url: Netcracker/qubership-ai-packages
  name: qubership-repo-essentials
  host: github.com
  resolved_commit: 3100e4de9f2b13e5283366d0cdae09c3f98b8e31
  version: 1.0.0
  virtual_path: agent-packages/qubership-repo-essentials
  is_virtual: true
  package_type: apm_package
  content_hash: sha256:0e51f9609b7cb55ae50dacfe581c87fe131108885c45d7495262d6e93ea8f47c
- repo_url: Netcracker/qubership-ai-packages
  name: apm-authoring
  host: github.com
  resolved_commit: ebbc567f900e00ea4ec6260536bb75c0d46ddd73
  resolved_ref: ebbc567f900e00ea4ec6260536bb75c0d46ddd73
  version: 1.0.0
  virtual_path: agent-packages/apm-authoring
  is_virtual: true
  depth: 2
  resolved_by: Netcracker/qubership-ai-packages
  package_type: apm_package
  deployed_files:
  - .agents/skills/apm-authoring
  - .agents/skills/apm-authoring/SKILL.md
  - .claude/rules/apm-authoring.md
  - .claude/skills/apm-authoring
  - .claude/skills/apm-authoring/SKILL.md
  - .cursor/rules/apm-authoring.mdc
  content_hash: sha256:1d731d0a26376eda0b82629e6e1cff1b41dfeae13fe8d7e5debb24a1699ea4a8
- repo_url: Netcracker/qubership-ai-packages
  name: english-us-developer-style
  host: github.com
  resolved_commit: ebbc567f900e00ea4ec6260536bb75c0d46ddd73
  resolved_ref: ebbc567f900e00ea4ec6260536bb75c0d46ddd73
  version: 2.0.0
  virtual_path: agent-packages/english-us-developer-style
  is_virtual: true
  depth: 2
  resolved_by: Netcracker/qubership-ai-packages
  package_type: apm_package
  deployed_files:
  - .agents/skills/english-developer-style
  - .agents/skills/english-developer-style/SKILL.md
  - .claude/rules/english-developer-style.md
  - .claude/skills/english-developer-style
  - .claude/skills/english-developer-style/SKILL.md
  - .cursor/rules/english-developer-style.mdc
  content_hash: sha256:f57ba97da0ad83f1a3c7adcfa875d34d4e138d5ea4a236379a59728f609429cc
- repo_url: Netcracker/qubership-ai-packages
  name: markdown-line-length-120
  host: github.com
  resolved_commit: ebbc567f900e00ea4ec6260536bb75c0d46ddd73
  resolved_ref: ebbc567f900e00ea4ec6260536bb75c0d46ddd73
  version: 1.0.0
  virtual_path: agent-packages/markdown-line-length-120
  is_virtual: true
  depth: 2
  resolved_by: Netcracker/qubership-ai-packages
  package_type: apm_package
  deployed_files:
  - .agents/skills/markdown-line-length-120
  - .agents/skills/markdown-line-length-120/SKILL.md
  - .claude/rules/markdown-line-length-120.md
  - .claude/skills/markdown-line-length-120
  - .claude/skills/markdown-line-length-120/SKILL.md
  - .cursor/rules/markdown-line-length-120.mdc
  content_hash: sha256:7141481434f0ca7619c9b87659ae44342be4faacd71a7dbbc7996b2bc76487f6
- repo_url: Netcracker/qubership-workflow-hub
  name: qubership-workflow-hub-usage
  host: github.com
  resolved_commit: 3511065e91edef101ca84ed1c88cfef7120dface
  resolved_ref: 3511065e91edef101ca84ed1c88cfef7120dface
  version: 1.0.0
  virtual_path: agent-packages/qubership-workflow-hub-usage
  is_virtual: true
  depth: 2
  resolved_by: Netcracker/qubership-ai-packages
  package_type: apm_package
  deployed_files:
  - .agents/skills/qubership-actions-guide
  - .agents/skills/qubership-actions-guide/SKILL.md
  - .agents/skills/qubership-actions-guide/cla.md
  - .agents/skills/qubership-actions-guide/cleanup.md
  - .agents/skills/qubership-actions-guide/docker.md
  - .agents/skills/qubership-actions-guide/helm.md
  - .agents/skills/qubership-actions-guide/maven.md
  - .agents/skills/qubership-actions-guide/notifications.md
  - .agents/skills/qubership-actions-guide/pr.md
  - .agents/skills/qubership-actions-guide/release.md
  - .agents/skills/qubership-actions-guide/security.md
  - .agents/skills/qubership-actions-guide/utilities.md
  - .agents/skills/qubership-templates-guide
  - .agents/skills/qubership-templates-guide/SKILL.md
  - .agents/skills/qubership-workflow-conventions
  - .agents/skills/qubership-workflow-conventions/SKILL.md
  - .agents/skills/qubership-workflow-conventions/debugging-playbook.md
  - .agents/skills/qubership-workflow-conventions/security-model.md
  - .agents/skills/qubership-workflow-conventions/workflow-patterns.md
  - .agents/skills/qubership-workflow-conventions/zizmor-rules.md
  - .claude/rules/qubership-workflow-hub-usage.md
  - .claude/skills/qubership-actions-guide
  - .claude/skills/qubership-actions-guide/SKILL.md
  - .claude/skills/qubership-actions-guide/cla.md
  - .claude/skills/qubership-actions-guide/cleanup.md
  - .claude/skills/qubership-actions-guide/docker.md
  - .claude/skills/qubership-actions-guide/helm.md
  - .claude/skills/qubership-actions-guide/maven.md
  - .claude/skills/qubership-actions-guide/notifications.md
  - .claude/skills/qubership-actions-guide/pr.md
  - .claude/skills/qubership-actions-guide/release.md
  - .claude/skills/qubership-actions-guide/security.md
  - .claude/skills/qubership-actions-guide/utilities.md
  - .claude/skills/qubership-templates-guide
  - .claude/skills/qubership-templates-guide/SKILL.md
  - .claude/skills/qubership-workflow-conventions
  - .claude/skills/qubership-workflow-conventions/SKILL.md
  - .claude/skills/qubership-workflow-conventions/debugging-playbook.md
  - .claude/skills/qubership-workflow-conventions/security-model.md
  - .claude/skills/qubership-workflow-conventions/workflow-patterns.md
  - .claude/skills/qubership-workflow-conventions/zizmor-rules.md
  - .cursor/rules/qubership-workflow-hub-usage.mdc
  content_hash: sha256:6d135ff9b92ab29986cc6c64265e6f7abc3c4f223726ed4b1a429dc2556a2689
local_deployed_files:
- .claude/rules/repository.md
- .cursor/rules/repository.mdc
local_deployed_file_hashes:
  .claude/rules/repository.md: sha256:aaa2cc6fefbfba6597e99c51d9b70935d8427122cf2484e99cd6c9cbff834d12
  .cursor/rules/repository.mdc: sha256:e3a248107f68f3c7d05c32b81eb6554bf19a3c0ed0a37580a0c8b028e2b06662
